// !$*UTF8*$!
{
	archiveVersion = 1;
	classes = {
	};
	objectVersion = 55;
	objects = {

/* Begin PBXBuildFile section */
		B02B58542719DDD10036807F /* AppDelegate.swift in Sources */ = {isa = PBXBuildFile; fileRef = B02B58532719DDD10036807F /* AppDelegate.swift */; };
		B02B58562719DDD10036807F /* SceneDelegate.swift in Sources */ = {isa = PBXBuildFile; fileRef = B02B58552719DDD10036807F /* SceneDelegate.swift */; };
		B02B58582719DDD10036807F /* TimerView.swift in Sources */ = {isa = PBXBuildFile; fileRef = B02B58572719DDD10036807F /* TimerView.swift */; };
		B02B585B2719DDD10036807F /* Main.storyboard in Resources */ = {isa = PBXBuildFile; fileRef = B02B58592719DDD10036807F /* Main.storyboard */; };
		B02B585D2719DDD30036807F /* Assets.xcassets in Resources */ = {isa = PBXBuildFile; fileRef = B02B585C2719DDD30036807F /* Assets.xcassets */; };
		B02B58602719DDD30036807F /* LaunchScreen.storyboard in Resources */ = {isa = PBXBuildFile; fileRef = B02B585E2719DDD30036807F /* LaunchScreen.storyboard */; };
		B02B586F2719EEF90036807F /* CircleProgressView.swift in Sources */ = {isa = PBXBuildFile; fileRef = B02B586E2719EEF90036807F /* CircleProgressView.swift */; };
/* End PBXBuildFile section */

/* Begin PBXFileReference section */
		B02B58502719DDD10036807F /* TimerExample.app */ = {isa = PBXFileReference; explicitFileType = wrapper.application; includeInIndex = 0; path = TimerExample.app; sourceTree = BUILT_PRODUCTS_DIR; };
		B02B58532719DDD10036807F /* AppDelegate.swift */ = {isa = PBXFileReference; lastKnownFileType = sourcecode.swift; path = AppDelegate.swift; sourceTree = "<group>"; };
		B02B58552719DDD10036807F /* SceneDelegate.swift */ = {isa = PBXFileReference; lastKnownFileType = sourcecode.swift; path = SceneDelegate.swift; sourceTree = "<group>"; };
		B02B58572719DDD10036807F /* TimerView.swift */ = {isa = PBXFileReference; lastKnownFileType = sourcecode.swift; path = TimerView.swift; sourceTree = "<group>"; };
		B02B585A2719DDD10036807F /* Base */ = {isa = PBXFileReference; lastKnownFileType = file.storyboard; name = Base; path = Base.lproj/Main.storyboard; sourceTree = "<group>"; };
		B02B585C2719DDD30036807F /* Assets.xcassets */ = {isa = PBXFileReference; lastKnownFileType = folder.assetcatalog; path = Assets.xcassets; sourceTree = "<group>"; };
		B02B585F2719DDD30036807F /* Base */ = {isa = PBXFileReference; lastKnownFileType = file.storyboard; name = Base; path = Base.lproj/LaunchScreen.storyboard; sourceTree = "<group>"; };
		B02B58612719DDD30036807F /* Info.plist */ = {isa = PBXFileReference; lastKnownFileType = text.plist.xml; path = Info.plist; sourceTree = "<group>"; };
		B02B586E2719EEF90036807F /* CircleProgressView.swift */ = {isa = PBXFileReference; lastKnownFileType = sourcecode.swift; path = CircleProgressView.swift; sourceTree = "<group>"; };
/* End PBXFileReference section */

/* Begin PBXFrameworksBuildPhase section */
		B02B584D2719DDD10036807F /* Frameworks */ = {
			isa = PBXFrameworksBuildPhase;
			buildActionMask = 2147483647;
			files = (
			);
			runOnlyForDeploymentPostprocessing = 0;
		};
/* End PBXFrameworksBuildPhase section */

/* Begin PBXGroup section */
		B02B58472719DDD10036807F = {
			isa = PBXGroup;
			children = (
				B02B58522719DDD10036807F /* TimerExample */,
				B02B58512719DDD10036807F /* Products */,
			);
			sourceTree = "<group>";
		};
		B02B58512719DDD10036807F /* Products */ = {
			isa = PBXGroup;
			children = (
				B02B58502719DDD10036807F /* TimerExample.app */,
			);
			name = Products;
			sourceTree = "<group>";
		};
		B02B58522719DDD10036807F /* TimerExample */ = {
			isa = PBXGroup;
			children = (
				B02B58672719DE230036807F /* Resources */,
				B02B58682719DE310036807F /* Sources */,
				B02B585C2719DDD30036807F /* Assets.xcassets */,
			);
			path = TimerExample;
			sourceTree = "<group>";
		};
		B02B58672719DE230036807F /* Resources */ = {
			isa = PBXGroup;
			children = (
				B02B586C2719DE580036807F /* Configs */,
				B02B586B2719DE4F0036807F /* Storyboards */,
			);
			path = Resources;
			sourceTree = "<group>";
		};
		B02B58682719DE310036807F /* Sources */ = {
			isa = PBXGroup;
			children = (
				B02B58692719DE3B0036807F /* App */,
				B02B586A2719DE420036807F /* Scene */,
			);
			path = Sources;
			sourceTree = "<group>";
		};
		B02B58692719DE3B0036807F /* App */ = {
			isa = PBXGroup;
			children = (
				B02B58532719DDD10036807F /* AppDelegate.swift */,
				B02B58552719DDD10036807F /* SceneDelegate.swift */,
			);
			path = App;
			sourceTree = "<group>";
		};
		B02B586A2719DE420036807F /* Scene */ = {
			isa = PBXGroup;
			children = (
				B02B586D2719DE7A0036807F /* Timer flow */,
			);
			path = Scene;
			sourceTree = "<group>";
		};
		B02B586B2719DE4F0036807F /* Storyboards */ = {
			isa = PBXGroup;
			children = (
				B02B58592719DDD10036807F /* Main.storyboard */,
				B02B585E2719DDD30036807F /* LaunchScreen.storyboard */,
			);
			path = Storyboards;
			sourceTree = "<group>";
		};
		B02B586C2719DE580036807F /* Configs */ = {
			isa = PBXGroup;
			children = (
				B02B58612719DDD30036807F /* Info.plist */,
			);
			path = Configs;
			sourceTree = "<group>";
		};
		B02B586D2719DE7A0036807F /* Timer flow */ = {
			isa = PBXGroup;
			children = (
				B02B58572719DDD10036807F /* TimerView.swift */,
				B02B586E2719EEF90036807F /* CircleProgressView.swift */,
			);
			path = "Timer flow";
			sourceTree = "<group>";
		};
/* End PBXGroup section */

/* Begin PBXNativeTarget section */
		B02B584F2719DDD10036807F /* TimerExample */ = {
			isa = PBXNativeTarget;
			buildConfigurationList = B02B58642719DDD30036807F /* Build configuration list for PBXNativeTarget "TimerExample" */;
			buildPhases = (
				B02B584C2719DDD10036807F /* Sources */,
				B02B584D2719DDD10036807F /* Frameworks */,
				B02B584E2719DDD10036807F /* Resources */,
			);
			buildRules = (
			);
			dependencies = (
			);
			name = TimerExample;
			productName = TimerExample;
			productReference = B02B58502719DDD10036807F /* TimerExample.app */;
			productType = "com.apple.product-type.application";
		};
/* End PBXNativeTarget section */

/* Begin PBXProject section */
		B02B58482719DDD10036807F /* Project object */ = {
			isa = PBXProject;
			attributes = {
				BuildIndependentTargetsInParallel = 1;
				LastSwiftUpdateCheck = 1300;
				LastUpgradeCheck = 1300;
				TargetAttributes = {
					B02B584F2719DDD10036807F = {
						CreatedOnToolsVersion = 13.0;
					};
				};
			};
			buildConfigurationList = B02B584B2719DDD10036807F /* Build configuration list for PBXProject "TimerExample" */;
			compatibilityVersion = "Xcode 13.0";
			developmentRegion = en;
			hasScannedForEncodings = 0;
			knownRegions = (
				en,
				Base,
			);
			mainGroup = B02B58472719DDD10036807F;
			productRefGroup = B02B58512719DDD10036807F /* Products */;
			projectDirPath = "";
			projectRoot = "";
			targets = (
				B02B584F2719DDD10036807F /* TimerExample */,
			);
		};
/* End PBXProject section */

/* Begin PBXResourcesBuildPhase section */
		B02B584E2719DDD10036807F /* Resources */ = {
			isa = PBXResourcesBuildPhase;
			buildActionMask = 2147483647;
			files = (
				B02B58602719DDD30036807F /* LaunchScreen.storyboard in Resources */,
				B02B585D2719DDD30036807F /* Assets.xcassets in Resources */,
				B02B585B2719DDD10036807F /* Main.storyboard in Resources */,
			);
			runOnlyForDeploymentPostprocessing = 0;
		};
/* End PBXResourcesBuildPhase section */

/* Begin PBXSourcesBuildPhase section */
		B02B584C2719DDD10036807F /* Sources */ = {
			isa = PBXSourcesBuildPhase;
			buildActionMask = 2147483647;
			files = (
				B02B58582719DDD10036807F /* TimerView.swift in Sources */,
				B02B586F2719EEF90036807F /* CircleProgressView.swift in Sources */,
				B02B58542719DDD10036807F /* AppDelegate.swift in Sources */,
				B02B58562719DDD10036807F /* SceneDelegate.swift in Sources */,
			);
			runOnlyForDeploymentPostprocessing = 0;
		};
/* End PBXSourcesBuildPhase section */

/* Begin PBXVariantGroup section */
		B02B58592719DDD10036807F /* Main.storyboard */ = {
			isa = PBXVariantGroup;
			children = (
				B02B585A2719DDD10036807F /* Base */,
			);
			name = Main.storyboard;
			sourceTree = "<group>";
		};
		B02B585E2719DDD30036807F /* LaunchScreen.storyboard */ = {
			isa = PBXVariantGroup;
			children = (
				B02B585F2719DDD30036807F /* Base */,
			);
			name = LaunchScreen.storyboard;
			sourceTree = "<group>";
		};
/* End PBXVariantGroup section */

/* Begin XCBuildConfiguration section */
		B02B58622719DDD30036807F /* Debug */ = {
			isa = XCBuildConfiguration;
			buildSettings = {
				ALWAYS_SEARCH_USER_PATHS = NO;
				CLANG_ANALYZER_NONNULL = YES;
				CLANG_ANALYZER_NUMBER_OBJECT_CONVERSION = YES_AGGRESSIVE;
				CLANG_CXX_LANGUAGE_STANDARD = "gnu++17";
				CLANG_CXX_LIBRARY = "libc++";
				CLANG_ENABLE_MODULES = YES;
				CLANG_ENABLE_OBJC_ARC = YES;
				CLANG_ENABLE_OBJC_WEAK = YES;
				CLANG_WARN_BLOCK_CAPTURE_AUTORELEASING = YES;
				CLANG_WARN_BOOL_CONVERSION = YES;
				CLANG_WARN_COMMA = YES;
				CLANG_WARN_CONSTANT_CONVERSION = YES;
				CLANG_WARN_DEPRECATED_OBJC_IMPLEMENTATIONS = YES;
				CLANG_WARN_DIRECT_OBJC_ISA_USAGE = YES_ERROR;
				CLANG_WARN_DOCUMENTATION_COMMENTS = YES;
				CLANG_WARN_EMPTY_BODY = YES;
				CLANG_WARN_ENUM_CONVERSION = YES;
				CLANG_WARN_INFINITE_RECURSION = YES;
				CLANG_WARN_INT_CONVERSION = YES;
				CLANG_WARN_NON_LITERAL_NULL_CONVERSION = YES;
				CLANG_WARN_OBJC_IMPLICIT_RETAIN_SELF = YES;
				CLANG_WARN_OBJC_LITERAL_CONVERSION = YES;
				CLANG_WARN_OBJC_ROOT_CLASS = YES_ERROR;
				CLANG_WARN_QUOTED_INCLUDE_IN_FRAMEWORK_HEADER = YES;
				CLANG_WARN_RANGE_LOOP_ANALYSIS = YES;
				CLANG_WARN_STRICT_PROTOTYPES = YES;
				CLANG_WARN_SUSPICIOUS_MOVE = YES;
				CLANG_WARN_UNGUARDED_AVAILABILITY = YES_AGGRESSIVE;
				CLANG_WARN_UNREACHABLE_CODE = YES;
				CLANG_WARN__DUPLICATE_METHOD_MATCH = YES;
				COPY_PHASE_STRIP = NO;
				DEBUG_INFORMATION_FORMAT = dwarf;
				ENABLE_STRICT_OBJC_MSGSEND = YES;
				ENABLE_TESTABILITY = YES;
				GCC_C_LANGUAGE_STANDARD = gnu11;
				GCC_DYNAMIC_NO_PIC = NO;
				GCC_NO_COMMON_BLOCKS = YES;
				GCC_OPTIMIZATION_LEVEL = 0;
				GCC_PREPROCESSOR_DEFINITIONS = (
					"DEBUG=1",
					"$(inherited)",
				);
				GCC_WARN_64_TO_32_BIT_CONVERSION = YES;
				GCC_WARN_ABOUT_RETURN_TYPE = YES_ERROR;
				GCC_WARN_UNDECLARED_SELECTOR = YES;
				GCC_WARN_UNINITIALIZED_AUTOS = YES_AGGRESSIVE;
				GCC_WARN_UNUSED_FUNCTION = YES;
				GCC_WARN_UNUSED_VARIABLE = YES;
				IPHONEOS_DEPLOYMENT_TARGET = 15.0;
				MTL_ENABLE_DEBUG_INFO = INCLUDE_SOURCE;
				MTL_FAST_MATH = YES;
				ONLY_ACTIVE_ARCH = YES;
				SDKROOT = iphoneos;
				SWIFT_ACTIVE_COMPILATION_CONDITIONS = DEBUG;
				SWIFT_OPTIMIZATION_LEVEL = "-Onone";
			};
			name = Debug;
		};
		B02B58632719DDD30036807F /* Release */ = {
			isa = XCBuildConfiguration;
			buildSettings = {
				ALWAYS_SEARCH_USER_PATHS = NO;
				CLANG_ANALYZER_NONNULL = YES;
				CLANG_ANALYZER_NUMBER_OBJECT_CONVERSION = YES_AGGRESSIVE;
				CLANG_CXX_LANGUAGE_STANDARD = "gnu++17";
				CLANG_CXX_LIBRARY = "libc++";
				CLANG_ENABLE_MODULES = YES;
				CLANG_ENABLE_OBJC_ARC = YES;
				CLANG_ENABLE_OBJC_WEAK = YES;
				CLANG_WARN_BLOCK_CAPTURE_AUTORELEASING = YES;
				CLANG_WARN_BOOL_CONVERSION = YES;
				CLANG_WARN_COMMA = YES;
				CLANG_WARN_CONSTANT_CONVERSION = YES;
				CLANG_WARN_DEPRECATED_OBJC_IMPLEMENTATIONS = YES;
				CLANG_WARN_DIRECT_OBJC_ISA_USAGE = YES_ERROR;
				CLANG_WARN_DOCUMENTATION_COMMENTS = YES;
				CLANG_WARN_EMPTY_BODY = YES;
				CLANG_WARN_ENUM_CONVERSION = YES;
				CLANG_WARN_INFINITE_RECURSION = YES;
				CLANG_WARN_INT_CONVERSION = YES;
				CLANG_WARN_NON_LITERAL_NULL_CONVERSION = YES;
				CLANG_WARN_OBJC_IMPLICIT_RETAIN_SELF = YES;
				CLANG_WARN_OBJC_LITERAL_CONVERSION = YES;
				CLANG_WARN_OBJC_ROOT_CLASS = YES_ERROR;
				CLANG_WARN_QUOTED_INCLUDE_IN_FRAMEWORK_HEADER = YES;
				CLANG_WARN_RANGE_LOOP_ANALYSIS = YES;
				CLANG_WARN_STRICT_PROTOTYPES = YES;
				CLANG_WARN_SUSPICIOUS_MOVE = YES;
				CLANG_WARN_UNGUARDED_AVAILABILITY = YES_AGGRESSIVE;
				CLANG_WARN_UNREACHABLE_CODE = YES;
				CLANG_WARN__DUPLICATE_METHOD_MATCH = YES;
				COPY_PHASE_STRIP = NO;
				DEBUG_INFORMATION_FORMAT = "dwarf-with-dsym";
				ENABLE_NS_ASSERTIONS = NO;
				ENABLE_STRICT_OBJC_MSGSEND = YES;
				GCC_C_LANGUAGE_STANDARD = gnu11;
				GCC_NO_COMMON_BLOCKS = YES;
				GCC_WARN_64_TO_32_BIT_CONVERSION = YES;
				GCC_WARN_ABOUT_RETURN_TYPE = YES_ERROR;
				GCC_WARN_UNDECLARED_SELECTOR = YES;
				GCC_WARN_UNINITIALIZED_AUTOS = YES_AGGRESSIVE;
				GCC_WARN_UNUSED_FUNCTION = YES;
				GCC_WARN_UNUSED_VARIABLE = YES;
				IPHONEOS_DEPLOYMENT_TARGET = 15.0;
				MTL_ENABLE_DEBUG_INFO = NO;
				MTL_FAST_MATH = YES;
				SDKROOT = iphoneos;
				SWIFT_COMPILATION_MODE = wholemodule;
				SWIFT_OPTIMIZATION_LEVEL = "-O";
				VALIDATE_PRODUCT = YES;
			};
			name = Release;
		};
		B02B58652719DDD30036807F /* Debug */ = {
			isa = XCBuildConfiguration;
			buildSettings = {
				ASSETCATALOG_COMPILER_APPICON_NAME = AppIcon;
				ASSETCATALOG_COMPILER_GLOBAL_ACCENT_COLOR_NAME = AccentColor;
				CODE_SIGN_STYLE = Automatic;
				CURRENT_PROJECT_VERSION = 1;
				DEVELOPMENT_TEAM = RW47C22KAD;
				GENERATE_INFOPLIST_FILE = YES;
				INFOPLIST_FILE = TimerExample/Resources/Configs/Info.plist;
				INFOPLIST_KEY_UIApplicationSupportsIndirectInputEvents = YES;
				INFOPLIST_KEY_UILaunchStoryboardName = LaunchScreen;
				INFOPLIST_KEY_UIMainStoryboardFile = Main;
				INFOPLIST_KEY_UISupportedInterfaceOrientations_iPad = "UIInterfaceOrientationPortrait UIInterfaceOrientationPortraitUpsideDown UIInterfaceOrientationLandscapeLeft UIInterfaceOrientationLandscapeRight";
				INFOPLIST_KEY_UISupportedInterfaceOrientations_iPhone = "UIInterfaceOrientationPortrait UIInterfaceOrientationLandscapeLeft UIInterfaceOrientationLandscapeRight";
				LD_RUNPATH_SEARCH_PATHS = (
					"$(inherited)",
					"@executable_path/Frameworks",
				);
				MARKETING_VERSION = 1.0;
				PRODUCT_BUNDLE_IDENTIFIER = com.my.TimerExample;
				PRODUCT_NAME = "$(TARGET_NAME)";
				SWIFT_EMIT_LOC_STRINGS = YES;
				SWIFT_VERSION = 5.0;
				TARGETED_DEVICE_FAMILY = "1,2";
			};
			name = Debug;
		};
		B02B58662719DDD30036807F /* Release */ = {
			isa = XCBuildConfiguration;
			buildSettings = {
				ASSETCATALOG_COMPILER_APPICON_NAME = AppIcon;
				ASSETCATALOG_COMPILER_GLOBAL_ACCENT_COLOR_NAME = AccentColor;
				CODE_SIGN_STYLE = Automatic;
				CURRENT_PROJECT_VERSION = 1;
				DEVELOPMENT_TEAM = RW47C22KAD;
				GENERATE_INFOPLIST_FILE = YES;
				INFOPLIST_FILE = TimerExample/Resources/Configs/Info.plist;
				INFOPLIST_KEY_UIApplicationSupportsIndirectInputEvents = YES;
				INFOPLIST_KEY_UILaunchStoryboardName = LaunchScreen;
				INFOPLIST_KEY_UIMainStoryboardFile = Main;
				INFOPLIST_KEY_UISupportedInterfaceOrientations_iPad = "UIInterfaceOrientationPortrait UIInterfaceOrientationPortraitUpsideDown UIInterfaceOrientationLandscapeLeft UIInterfaceOrientationLandscapeRight";
				INFOPLIST_KEY_UISupportedInterfaceOrientations_iPhone = "UIInterfaceOrientationPortrait UIInterfaceOrientationLandscapeLeft UIInterfaceOrientationLandscapeRight";
				LD_RUNPATH_SEARCH_PATHS = (
					"$(inherited)",
					"@executable_path/Frameworks",
				);
				MARKETING_VERSION = 1.0;
				PRODUCT_BUNDLE_IDENTIFIER = com.my.TimerExample;
				PRODUCT_NAME = "$(TARGET_NAME)";
				SWIFT_EMIT_LOC_STRINGS = YES;
				SWIFT_VERSION = 5.0;
				TARGETED_DEVICE_FAMILY = "1,2";
			};
			name = Release;
		};
/* End XCBuildConfiguration section */

/* Begin XCConfigurationList section */
		B02B584B2719DDD10036807F /* Build configuration list for PBXProject "TimerExample" */ = {
			isa = XCConfigurationList;
			buildConfigurations = (
				B02B58622719DDD30036807F /* Debug */,
				B02B58632719DDD30036807F /* Release */,
			);
			defaultConfigurationIsVisible = 0;
			defaultConfigurationName = Release;
		};
		B02B58642719DDD30036807F /* Build configuration list for PBXNativeTarget "TimerExample" */ = {
			isa = XCConfigurationList;
			buildConfigurations = (
				B02B58652719DDD30036807F /* Debug */,
				B02B58662719DDD30036807F /* Release */,
			);
			defaultConfigurationIsVisible = 0;
			defaultConfigurationName = Release;
		};
/* End XCConfigurationList section */
	};
	rootObject = B02B58482719DDD10036807F /* Project object */;
}
